
Microsoft Visual Studio Solution File, Format Version 12.00
# Visual Studio 14
VisualStudioVersion = 14.0.25420.1
MinimumVisualStudioVersion = 10.0.40219.1
Project("{FAE04EC0-301F-11D3-BF4B-00C04F79EFBC}") = "AutoDecrype", "AutoDecrype\AutoDecrype.csproj", "{9E0383C4-BF8D-42FC-B9A6-3AB3A75D530C}"
EndProject
Project("{FAE04EC0-301F-11D3-BF4B-00C04F79EFBC}") = "AutoDecrypeUnitTest", "AutoDecrypeUnitTest\AutoDecrypeUnitTest.csproj", "{900AB498-A361-4EDE-913B-77706801A848}"
EndProject
Global
	GlobalSection(SolutionConfigurationPlatforms) = preSolution
		Debug|Any CPU = Debug|Any CPU
		Release|Any CPU = Release|Any CPU
	EndGlobalSection
	GlobalSection(ProjectConfigurationPlatforms) = postSolution
		{9E0383C4-BF8D-42FC-B9A6-3AB3A75D530C}.Debug|Any CPU.ActiveCfg = Debug|Any CPU
		{9E0383C4-BF8D-42FC-B9A6-3AB3A75D530C}.Debug|Any CPU.Build.0 = Debug|Any CPU
		{9E0383C4-BF8D-42FC-B9A6-3AB3A75D530C}.Release|Any CPU.ActiveCfg = Release|Any CPU
		{9E0383C4-BF8D-42FC-B9A6-3AB3A75D530C}.Release|Any CPU.Build.0 = Release|Any CPU
		{900AB498-A361-4EDE-913B-77706801A848}.Debug|Any CPU.ActiveCfg = Debug|Any CPU
		{900AB498-A361-4EDE-913B-77706801A848}.Debug|Any CPU.Build.0 = Debug|Any CPU
		{900AB498-A361-4EDE-913B-77706801A848}.Release|Any CPU.ActiveCfg = Release|Any CPU
		{900AB498-A361-4EDE-913B-77706801A848}.Release|Any CPU.Build.0 = Release|Any CPU
	EndGlobalSection
	GlobalSection(SolutionProperties) = preSolution
		HideSolutionNode = FALSE
	EndGlobalSection
EndGlobal
